// !$*UTF8*$!
{
	archiveVersion = 1;
	classes = {
	};
	objectVersion = 56;
	objects = {

/* Begin PBXBuildFile section */
		31420EBB298A6D6400EFD4C2 /* OverseasApp.swift in Sources */ = {isa = PBXBuildFile; fileRef = 31420EBA298A6D6400EFD4C2 /* OverseasApp.swift */; };
		31420EBD298A6D6400EFD4C2 /* ContentView.swift in Sources */ = {isa = PBXBuildFile; fileRef = 31420EBC298A6D6400EFD4C2 /* ContentView.swift */; };
		31420EBF298A6D6400EFD4C2 /* Assets.xcassets in Resources */ = {isa = PBXBuildFile; fileRef = 31420EBE298A6D6400EFD4C2 /* Assets.xcassets */; };
		31420EC3298A6D6400EFD4C2 /* Preview Assets.xcassets in Resources */ = {isa = PBXBuildFile; fileRef = 31420EC2298A6D6400EFD4C2 /* Preview Assets.xcassets */; };
		31420ECA298A6E1400EFD4C2 /* Onbording.swift in Sources */ = {isa = PBXBuildFile; fileRef = 31420EC9298A6E1400EFD4C2 /* Onbording.swift */; };
		31420ECC298A6E2600EFD4C2 /* MainPage.swift in Sources */ = {isa = PBXBuildFile; fileRef = 31420ECB298A6E2600EFD4C2 /* MainPage.swift */; };
		31420ECE298A6E3800EFD4C2 /* addCity.swift in Sources */ = {isa = PBXBuildFile; fileRef = 31420ECD298A6E3800EFD4C2 /* addCity.swift */; };
		316ABCAB29B4EA4500BC1BCC /* secondMain.swift in Sources */ = {isa = PBXBuildFile; fileRef = 316ABCAA29B4EA4500BC1BCC /* secondMain.swift */; };
		316ABCAD29B4EE0800BC1BCC /* firstMain.swift in Sources */ = {isa = PBXBuildFile; fileRef = 316ABCAC29B4EE0800BC1BCC /* firstMain.swift */; };
		31B4AF7229A4ED3000526086 /* Saved.xcdatamodeld in Sources */ = {isa = PBXBuildFile; fileRef = 31B4AF7029A4ED3000526086 /* Saved.xcdatamodeld */; };
		31B4AF7429A4ED9100526086 /* Persistence.swift in Sources */ = {isa = PBXBuildFile; fileRef = 31B4AF7329A4ED9100526086 /* Persistence.swift */; };
		31D4A8E1298BEBF900130841 /* Nationality.swift in Sources */ = {isa = PBXBuildFile; fileRef = 31D4A8E0298BEBF900130841 /* Nationality.swift */; };
		31D4A8E3298BEC0B00130841 /* Notification.swift in Sources */ = {isa = PBXBuildFile; fileRef = 31D4A8E2298BEC0B00130841 /* Notification.swift */; };
		31DE01C329B4D09400EDCDA9 /* allinitals.swift in Sources */ = {isa = PBXBuildFile; fileRef = 31DE01C229B4D09400EDCDA9 /* allinitals.swift */; };
		31EF3CC229B5096800DA487B /* EmergancyOffline.swift in Sources */ = {isa = PBXBuildFile; fileRef = 31EF3CC129B5096800DA487B /* EmergancyOffline.swift */; };
		31EF3CC429B50A0000DA487B /* affairsOffline.swift in Sources */ = {isa = PBXBuildFile; fileRef = 31EF3CC329B50A0000DA487B /* affairsOffline.swift */; };
		719B91EB299919C800A09E8B /* LocationManager.swift in Sources */ = {isa = PBXBuildFile; fileRef = 719B91EA299919C800A09E8B /* LocationManager.swift */; };
		E9BE30C429A4E501008A2A93 /* ViewModel.swift in Sources */ = {isa = PBXBuildFile; fileRef = E9BE30C329A4E501008A2A93 /* ViewModel.swift */; };
/* End PBXBuildFile section */

/* Begin PBXFileReference section */
		31420EB7298A6D6400EFD4C2 /* Overseas.app */ = {isa = PBXFileReference; explicitFileType = wrapper.application; includeInIndex = 0; path = Overseas.app; sourceTree = BUILT_PRODUCTS_DIR; };
		31420EBA298A6D6400EFD4C2 /* OverseasApp.swift */ = {isa = PBXFileReference; lastKnownFileType = sourcecode.swift; path = OverseasApp.swift; sourceTree = "<group>"; };
		31420EBC298A6D6400EFD4C2 /* ContentView.swift */ = {isa = PBXFileReference; lastKnownFileType = sourcecode.swift; path = ContentView.swift; sourceTree = "<group>"; };
		31420EBE298A6D6400EFD4C2 /* Assets.xcassets */ = {isa = PBXFileReference; lastKnownFileType = folder.assetcatalog; path = Assets.xcassets; sourceTree = "<group>"; };
		31420EC0298A6D6400EFD4C2 /* Overseas.entitlements */ = {isa = PBXFileReference; lastKnownFileType = text.plist.entitlements; path = Overseas.entitlements; sourceTree = "<group>"; };
		31420EC2298A6D6400EFD4C2 /* Preview Assets.xcassets */ = {isa = PBXFileReference; lastKnownFileType = folder.assetcatalog; path = "Preview Assets.xcassets"; sourceTree = "<group>"; };
		31420EC9298A6E1400EFD4C2 /* Onbording.swift */ = {isa = PBXFileReference; lastKnownFileType = sourcecode.swift; path = Onbording.swift; sourceTree = "<group>"; };
		31420ECB298A6E2600EFD4C2 /* MainPage.swift */ = {isa = PBXFileReference; lastKnownFileType = sourcecode.swift; path = MainPage.swift; sourceTree = "<group>"; };
		31420ECD298A6E3800EFD4C2 /* addCity.swift */ = {isa = PBXFileReference; lastKnownFileType = sourcecode.swift; path = addCity.swift; sourceTree = "<group>"; };
		316ABCAA29B4EA4500BC1BCC /* secondMain.swift */ = {isa = PBXFileReference; lastKnownFileType = sourcecode.swift; path = secondMain.swift; sourceTree = "<group>"; };
		316ABCAC29B4EE0800BC1BCC /* firstMain.swift */ = {isa = PBXFileReference; lastKnownFileType = sourcecode.swift; path = firstMain.swift; sourceTree = "<group>"; };
		31B4AF7129A4ED3000526086 /* Saved.xcdatamodel */ = {isa = PBXFileReference; lastKnownFileType = wrapper.xcdatamodel; path = Saved.xcdatamodel; sourceTree = "<group>"; };
		31B4AF7329A4ED9100526086 /* Persistence.swift */ = {isa = PBXFileReference; lastKnownFileType = sourcecode.swift; path = Persistence.swift; sourceTree = "<group>"; };
		31D4A8E0298BEBF900130841 /* Nationality.swift */ = {isa = PBXFileReference; lastKnownFileType = sourcecode.swift; path = Nationality.swift; sourceTree = "<group>"; };
		31D4A8E2298BEC0B00130841 /* Notification.swift */ = {isa = PBXFileReference; lastKnownFileType = sourcecode.swift; path = Notification.swift; sourceTree = "<group>"; };
		31DE01C229B4D09400EDCDA9 /* allinitals.swift */ = {isa = PBXFileReference; lastKnownFileType = sourcecode.swift; path = allinitals.swift; sourceTree = "<group>"; };
		31EF3CC129B5096800DA487B /* EmergancyOffline.swift */ = {isa = PBXFileReference; lastKnownFileType = sourcecode.swift; path = EmergancyOffline.swift; sourceTree = "<group>"; };
		31EF3CC329B50A0000DA487B /* affairsOffline.swift */ = {isa = PBXFileReference; lastKnownFileType = sourcecode.swift; path = affairsOffline.swift; sourceTree = "<group>"; };
		719B91EA299919C800A09E8B /* LocationManager.swift */ = {isa = PBXFileReference; lastKnownFileType = sourcecode.swift; path = LocationManager.swift; sourceTree = "<group>"; };
		E9BE30C329A4E501008A2A93 /* ViewModel.swift */ = {isa = PBXFileReference; lastKnownFileType = sourcecode.swift; path = ViewModel.swift; sourceTree = "<group>"; };
/* End PBXFileReference section */

/* Begin PBXFrameworksBuildPhase section */
		31420EB4298A6D6400EFD4C2 /* Frameworks */ = {
			isa = PBXFrameworksBuildPhase;
			buildActionMask = 2147483647;
			files = (
			);
			runOnlyForDeploymentPostprocessing = 0;
		};
/* End PBXFrameworksBuildPhase section */

/* Begin PBXGroup section */
		31420EAE298A6D6400EFD4C2 = {
			isa = PBXGroup;
			children = (
				31B4AF7029A4ED3000526086 /* Saved.xcdatamodeld */,
				719B91EA299919C800A09E8B /* LocationManager.swift */,
				31B4AF7329A4ED9100526086 /* Persistence.swift */,
				31420EB9298A6D6400EFD4C2 /* Overseas */,
				31420EB8298A6D6400EFD4C2 /* Products */,
			);
			sourceTree = "<group>";
		};
		31420EB8298A6D6400EFD4C2 /* Products */ = {
			isa = PBXGroup;
			children = (
				31420EB7298A6D6400EFD4C2 /* Overseas.app */,
			);
			name = Products;
			sourceTree = "<group>";
		};
		31420EB9298A6D6400EFD4C2 /* Overseas */ = {
			isa = PBXGroup;
			children = (
				31420EBA298A6D6400EFD4C2 /* OverseasApp.swift */,
				31420EC9298A6E1400EFD4C2 /* Onbording.swift */,
				31420ECB298A6E2600EFD4C2 /* MainPage.swift */,
				316ABCAC29B4EE0800BC1BCC /* firstMain.swift */,
				316ABCAA29B4EA4500BC1BCC /* secondMain.swift */,
				31EF3CC329B50A0000DA487B /* affairsOffline.swift */,
				31EF3CC129B5096800DA487B /* EmergancyOffline.swift */,
				31DE01C229B4D09400EDCDA9 /* allinitals.swift */,
				31420ECD298A6E3800EFD4C2 /* addCity.swift */,
				31D4A8E0298BEBF900130841 /* Nationality.swift */,
				31D4A8E2298BEC0B00130841 /* Notification.swift */,
				E9BE30C329A4E501008A2A93 /* ViewModel.swift */,
				31420EBC298A6D6400EFD4C2 /* ContentView.swift */,
				31420EBE298A6D6400EFD4C2 /* Assets.xcassets */,
				31420EC0298A6D6400EFD4C2 /* Overseas.entitlements */,
				31420EC1298A6D6400EFD4C2 /* Preview Content */,
			);
			path = Overseas;
			sourceTree = "<group>";
		};
		31420EC1298A6D6400EFD4C2 /* Preview Content */ = {
			isa = PBXGroup;
			children = (
				31420EC2298A6D6400EFD4C2 /* Preview Assets.xcassets */,
			);
			path = "Preview Content";
			sourceTree = "<group>";
		};
/* End PBXGroup section */

/* Begin PBXNativeTarget section */
		31420EB6298A6D6400EFD4C2 /* Overseas */ = {
			isa = PBXNativeTarget;
			buildConfigurationList = 31420EC6298A6D6400EFD4C2 /* Build configuration list for PBXNativeTarget "Overseas" */;
			buildPhases = (
				31420EB3298A6D6400EFD4C2 /* Sources */,
				31420EB4298A6D6400EFD4C2 /* Frameworks */,
				31420EB5298A6D6400EFD4C2 /* Resources */,
			);
			buildRules = (
			);
			dependencies = (
			);
			name = Overseas;
			productName = Overseas;
			productReference = 31420EB7298A6D6400EFD4C2 /* Overseas.app */;
			productType = "com.apple.product-type.application";
		};
/* End PBXNativeTarget section */

/* Begin PBXProject section */
		31420EAF298A6D6400EFD4C2 /* Project object */ = {
			isa = PBXProject;
			attributes = {
				BuildIndependentTargetsInParallel = 1;
				LastSwiftUpdateCheck = 1420;
				LastUpgradeCheck = 1420;
				TargetAttributes = {
					31420EB6298A6D6400EFD4C2 = {
						CreatedOnToolsVersion = 14.2;
					};
				};
			};
			buildConfigurationList = 31420EB2298A6D6400EFD4C2 /* Build configuration list for PBXProject "Overseas" */;
			compatibilityVersion = "Xcode 14.0";
			developmentRegion = en;
			hasScannedForEncodings = 0;
			knownRegions = (
				en,
				Base,
			);
			mainGroup = 31420EAE298A6D6400EFD4C2;
			productRefGroup = 31420EB8298A6D6400EFD4C2 /* Products */;
			projectDirPath = "";
			projectRoot = "";
			targets = (
				31420EB6298A6D6400EFD4C2 /* Overseas */,
			);
		};
/* End PBXProject section */

/* Begin PBXResourcesBuildPhase section */
		31420EB5298A6D6400EFD4C2 /* Resources */ = {
			isa = PBXResourcesBuildPhase;
			buildActionMask = 2147483647;
			files = (
				31420EC3298A6D6400EFD4C2 /* Preview Assets.xcassets in Resources */,
				31420EBF298A6D6400EFD4C2 /* Assets.xcassets in Resources */,
			);
			runOnlyForDeploymentPostprocessing = 0;
		};
/* End PBXResourcesBuildPhase section */

/* Begin PBXSourcesBuildPhase section */
		31420EB3298A6D6400EFD4C2 /* Sources */ = {
			isa = PBXSourcesBuildPhase;
			buildActionMask = 2147483647;
			files = (
				31B4AF7429A4ED9100526086 /* Persistence.swift in Sources */,
				31420ECA298A6E1400EFD4C2 /* Onbording.swift in Sources */,
				31B4AF7229A4ED3000526086 /* Saved.xcdatamodeld in Sources */,
				E9BE30C429A4E501008A2A93 /* ViewModel.swift in Sources */,
				316ABCAB29B4EA4500BC1BCC /* secondMain.swift in Sources */,
				31420EBD298A6D6400EFD4C2 /* ContentView.swift in Sources */,
				31420EBB298A6D6400EFD4C2 /* OverseasApp.swift in Sources */,
				316ABCAD29B4EE0800BC1BCC /* firstMain.swift in Sources */,
				31D4A8E3298BEC0B00130841 /* Notification.swift in Sources */,
				31EF3CC229B5096800DA487B /* EmergancyOffline.swift in Sources */,
				719B91EB299919C800A09E8B /* LocationManager.swift in Sources */,
				31DE01C329B4D09400EDCDA9 /* allinitals.swift in Sources */,
				31420ECE298A6E3800EFD4C2 /* addCity.swift in Sources */,
				31D4A8E1298BEBF900130841 /* Nationality.swift in Sources */,
				31EF3CC429B50A0000DA487B /* affairsOffline.swift in Sources */,
				31420ECC298A6E2600EFD4C2 /* MainPage.swift in Sources */,
			);
			runOnlyForDeploymentPostprocessing = 0;
		};
/* End PBXSourcesBuildPhase section */

/* Begin XCBuildConfiguration section */
		31420EC4298A6D6400EFD4C2 /* Debug */ = {
			isa = XCBuildConfiguration;
			buildSettings = {
				ALWAYS_SEARCH_USER_PATHS = NO;
				CLANG_ANALYZER_NONNULL = YES;
				CLANG_ANALYZER_NUMBER_OBJECT_CONVERSION = YES_AGGRESSIVE;
				CLANG_CXX_LANGUAGE_STANDARD = "gnu++20";
				CLANG_ENABLE_MODULES = YES;
				CLANG_ENABLE_OBJC_ARC = YES;
				CLANG_ENABLE_OBJC_WEAK = YES;
				CLANG_WARN_BLOCK_CAPTURE_AUTORELEASING = YES;
				CLANG_WARN_BOOL_CONVERSION = YES;
				CLANG_WARN_COMMA = YES;
				CLANG_WARN_CONSTANT_CONVERSION = YES;
				CLANG_WARN_DEPRECATED_OBJC_IMPLEMENTATIONS = YES;
				CLANG_WARN_DIRECT_OBJC_ISA_USAGE = YES_ERROR;
				CLANG_WARN_DOCUMENTATION_COMMENTS = YES;
				CLANG_WARN_EMPTY_BODY = YES;
				CLANG_WARN_ENUM_CONVERSION = YES;
				CLANG_WARN_INFINITE_RECURSION = YES;
				CLANG_WARN_INT_CONVERSION = YES;
				CLANG_WARN_NON_LITERAL_NULL_CONVERSION = YES;
				CLANG_WARN_OBJC_IMPLICIT_RETAIN_SELF = YES;
				CLANG_WARN_OBJC_LITERAL_CONVERSION = YES;
				CLANG_WARN_OBJC_ROOT_CLASS = YES_ERROR;
				CLANG_WARN_QUOTED_INCLUDE_IN_FRAMEWORK_HEADER = YES;
				CLANG_WARN_RANGE_LOOP_ANALYSIS = YES;
				CLANG_WARN_STRICT_PROTOTYPES = YES;
				CLANG_WARN_SUSPICIOUS_MOVE = YES;
				CLANG_WARN_UNGUARDED_AVAILABILITY = YES_AGGRESSIVE;
				CLANG_WARN_UNREACHABLE_CODE = YES;
				CLANG_WARN__DUPLICATE_METHOD_MATCH = YES;
				COPY_PHASE_STRIP = NO;
				DEBUG_INFORMATION_FORMAT = dwarf;
				ENABLE_STRICT_OBJC_MSGSEND = YES;
				ENABLE_TESTABILITY = YES;
				GCC_C_LANGUAGE_STANDARD = gnu11;
				GCC_DYNAMIC_NO_PIC = NO;
				GCC_NO_COMMON_BLOCKS = YES;
				GCC_OPTIMIZATION_LEVEL = 0;
				GCC_PREPROCESSOR_DEFINITIONS = (
					"DEBUG=1",
					"$(inherited)",
				);
				GCC_WARN_64_TO_32_BIT_CONVERSION = YES;
				GCC_WARN_ABOUT_RETURN_TYPE = YES_ERROR;
				GCC_WARN_UNDECLARED_SELECTOR = YES;
				GCC_WARN_UNINITIALIZED_AUTOS = YES_AGGRESSIVE;
				GCC_WARN_UNUSED_FUNCTION = YES;
				GCC_WARN_UNUSED_VARIABLE = YES;
				MTL_ENABLE_DEBUG_INFO = INCLUDE_SOURCE;
				MTL_FAST_MATH = YES;
				ONLY_ACTIVE_ARCH = YES;
				SWIFT_ACTIVE_COMPILATION_CONDITIONS = DEBUG;
				SWIFT_OPTIMIZATION_LEVEL = "-Onone";
			};
			name = Debug;
		};
		31420EC5298A6D6400EFD4C2 /* Release */ = {
			isa = XCBuildConfiguration;
			buildSettings = {
				ALWAYS_SEARCH_USER_PATHS = NO;
				CLANG_ANALYZER_NONNULL = YES;
				CLANG_ANALYZER_NUMBER_OBJECT_CONVERSION = YES_AGGRESSIVE;
				CLANG_CXX_LANGUAGE_STANDARD = "gnu++20";
				CLANG_ENABLE_MODULES = YES;
				CLANG_ENABLE_OBJC_ARC = YES;
				CLANG_ENABLE_OBJC_WEAK = YES;
				CLANG_WARN_BLOCK_CAPTURE_AUTORELEASING = YES;
				CLANG_WARN_BOOL_CONVERSION = YES;
				CLANG_WARN_COMMA = YES;
				CLANG_WARN_CONSTANT_CONVERSION = YES;
				CLANG_WARN_DEPRECATED_OBJC_IMPLEMENTATIONS = YES;
				CLANG_WARN_DIRECT_OBJC_ISA_USAGE = YES_ERROR;
				CLANG_WARN_DOCUMENTATION_COMMENTS = YES;
				CLANG_WARN_EMPTY_BODY = YES;
				CLANG_WARN_ENUM_CONVERSION = YES;
				CLANG_WARN_INFINITE_RECURSION = YES;
				CLANG_WARN_INT_CONVERSION = YES;
				CLANG_WARN_NON_LITERAL_NULL_CONVERSION = YES;
				CLANG_WARN_OBJC_IMPLICIT_RETAIN_SELF = YES;
				CLANG_WARN_OBJC_LITERAL_CONVERSION = YES;
				CLANG_WARN_OBJC_ROOT_CLASS = YES_ERROR;
				CLANG_WARN_QUOTED_INCLUDE_IN_FRAMEWORK_HEADER = YES;
				CLANG_WARN_RANGE_LOOP_ANALYSIS = YES;
				CLANG_WARN_STRICT_PROTOTYPES = YES;
				CLANG_WARN_SUSPICIOUS_MOVE = YES;
				CLANG_WARN_UNGUARDED_AVAILABILITY = YES_AGGRESSIVE;
				CLANG_WARN_UNREACHABLE_CODE = YES;
				CLANG_WARN__DUPLICATE_METHOD_MATCH = YES;
				COPY_PHASE_STRIP = NO;
				DEBUG_INFORMATION_FORMAT = "dwarf-with-dsym";
				ENABLE_NS_ASSERTIONS = NO;
				ENABLE_STRICT_OBJC_MSGSEND = YES;
				GCC_C_LANGUAGE_STANDARD = gnu11;
				GCC_NO_COMMON_BLOCKS = YES;
				GCC_WARN_64_TO_32_BIT_CONVERSION = YES;
				GCC_WARN_ABOUT_RETURN_TYPE = YES_ERROR;
				GCC_WARN_UNDECLARED_SELECTOR = YES;
				GCC_WARN_UNINITIALIZED_AUTOS = YES_AGGRESSIVE;
				GCC_WARN_UNUSED_FUNCTION = YES;
				GCC_WARN_UNUSED_VARIABLE = YES;
				MTL_ENABLE_DEBUG_INFO = NO;
				MTL_FAST_MATH = YES;
				SWIFT_COMPILATION_MODE = wholemodule;
				SWIFT_OPTIMIZATION_LEVEL = "-O";
			};
			name = Release;
		};
		31420EC7298A6D6400EFD4C2 /* Debug */ = {
			isa = XCBuildConfiguration;
			buildSettings = {
				ASSETCATALOG_COMPILER_APPICON_NAME = AppIcon;
				ASSETCATALOG_COMPILER_GLOBAL_ACCENT_COLOR_NAME = AccentColor;
				CODE_SIGN_ENTITLEMENTS = Overseas/Overseas.entitlements;
				CODE_SIGN_STYLE = Automatic;
				CURRENT_PROJECT_VERSION = 6;
				DEVELOPMENT_ASSET_PATHS = "\"Overseas/Preview Content\"";
				DEVELOPMENT_TEAM = MB5NQ72WT3;
				ENABLE_HARDENED_RUNTIME = YES;
				ENABLE_PREVIEWS = YES;
				GENERATE_INFOPLIST_FILE = YES;
				"INFOPLIST_KEY_UIApplicationSceneManifest_Generation[sdk=iphoneos*]" = YES;
				"INFOPLIST_KEY_UIApplicationSceneManifest_Generation[sdk=iphonesimulator*]" = YES;
				"INFOPLIST_KEY_UIApplicationSupportsIndirectInputEvents[sdk=iphoneos*]" = YES;
				"INFOPLIST_KEY_UIApplicationSupportsIndirectInputEvents[sdk=iphonesimulator*]" = YES;
				"INFOPLIST_KEY_UILaunchScreen_Generation[sdk=iphoneos*]" = YES;
				"INFOPLIST_KEY_UILaunchScreen_Generation[sdk=iphonesimulator*]" = YES;
				"INFOPLIST_KEY_UIStatusBarStyle[sdk=iphoneos*]" = UIStatusBarStyleDefault;
				"INFOPLIST_KEY_UIStatusBarStyle[sdk=iphonesimulator*]" = UIStatusBarStyleDefault;
				INFOPLIST_KEY_UISupportedInterfaceOrientations_iPad = "UIInterfaceOrientationPortrait UIInterfaceOrientationPortraitUpsideDown UIInterfaceOrientationLandscapeLeft UIInterfaceOrientationLandscapeRight";
				INFOPLIST_KEY_UISupportedInterfaceOrientations_iPhone = "UIInterfaceOrientationPortrait UIInterfaceOrientationLandscapeLeft UIInterfaceOrientationLandscapeRight";
				IPHONEOS_DEPLOYMENT_TARGET = 16.0;
				LD_RUNPATH_SEARCH_PATHS = "@executable_path/Frameworks";
				"LD_RUNPATH_SEARCH_PATHS[sdk=macosx*]" = "@executable_path/../Frameworks";
				MACOSX_DEPLOYMENT_TARGET = 13.1;
				MARKETING_VERSION = 0.1.0;
				PRODUCT_BUNDLE_IDENTIFIER = Eclipse.Overseas;
				PRODUCT_NAME = "$(TARGET_NAME)";
				SDKROOT = auto;
				SUPPORTED_PLATFORMS = "iphoneos iphonesimulator";
				SUPPORTS_MACCATALYST = NO;
				SUPPORTS_MAC_DESIGNED_FOR_IPHONE_IPAD = NO;
				SWIFT_EMIT_LOC_STRINGS = YES;
				SWIFT_VERSION = 5.0;
				TARGETED_DEVICE_FAMILY = 1;
			};
			name = Debug;
		};
		31420EC8298A6D6400EFD4C2 /* Release */ = {
			isa = XCBuildConfiguration;
			buildSettings = {
				ASSETCATALOG_COMPILER_APPICON_NAME = AppIcon;
				ASSETCATALOG_COMPILER_GLOBAL_ACCENT_COLOR_NAME = AccentColor;
				CODE_SIGN_ENTITLEMENTS = Overseas/Overseas.entitlements;
				CODE_SIGN_STYLE = Automatic;
				CURRENT_PROJECT_VERSION = 6;
				DEVELOPMENT_ASSET_PATHS = "\"Overseas/Preview Content\"";
				DEVELOPMENT_TEAM = MB5NQ72WT3;
				ENABLE_HARDENED_RUNTIME = YES;
				ENABLE_PREVIEWS = YES;
				GENERATE_INFOPLIST_FILE = YES;
				"INFOPLIST_KEY_UIApplicationSceneManifest_Generation[sdk=iphoneos*]" = YES;
				"INFOPLIST_KEY_UIApplicationSceneManifest_Generation[sdk=iphonesimulator*]" = YES;
				"INFOPLIST_KEY_UIApplicationSupportsIndirectInputEvents[sdk=iphoneos*]" = YES;
				"INFOPLIST_KEY_UIApplicationSupportsIndirectInputEvents[sdk=iphonesimulator*]" = YES;
				"INFOPLIST_KEY_UILaunchScreen_Generation[sdk=iphoneos*]" = YES;
				"INFOPLIST_KEY_UILaunchScreen_Generation[sdk=iphonesimulator*]" = YES;
				"INFOPLIST_KEY_UIStatusBarStyle[sdk=iphoneos*]" = UIStatusBarStyleDefault;
				"INFOPLIST_KEY_UIStatusBarStyle[sdk=iphonesimulator*]" = UIStatusBarStyleDefault;
				INFOPLIST_KEY_UISupportedInterfaceOrientations_iPad = "UIInterfaceOrientationPortrait UIInterfaceOrientationPortraitUpsideDown UIInterfaceOrientationLandscapeLeft UIInterfaceOrientationLandscapeRight";
				INFOPLIST_KEY_UISupportedInterfaceOrientations_iPhone = "UIInterfaceOrientationPortrait UIInterfaceOrientationLandscapeLeft UIInterfaceOrientationLandscapeRight";
				IPHONEOS_DEPLOYMENT_TARGET = 16.0;
				LD_RUNPATH_SEARCH_PATHS = "@executable_path/Frameworks";
				"LD_RUNPATH_SEARCH_PATHS[sdk=macosx*]" = "@executable_path/../Frameworks";
				MACOSX_DEPLOYMENT_TARGET = 13.1;
				MARKETING_VERSION = 0.1.0;
				PRODUCT_BUNDLE_IDENTIFIER = Eclipse.Overseas;
				PRODUCT_NAME = "$(TARGET_NAME)";
				SDKROOT = auto;
				SUPPORTED_PLATFORMS = "iphoneos iphonesimulator";
				SUPPORTS_MACCATALYST = NO;
				SUPPORTS_MAC_DESIGNED_FOR_IPHONE_IPAD = NO;
				SWIFT_EMIT_LOC_STRINGS = YES;
				SWIFT_VERSION = 5.0;
				TARGETED_DEVICE_FAMILY = 1;
			};
			name = Release;
		};
/* End XCBuildConfiguration section */

/* Begin XCConfigurationList section */
		31420EB2298A6D6400EFD4C2 /* Build configuration list for PBXProject "Overseas" */ = {
			isa = XCConfigurationList;
			buildConfigurations = (
				31420EC4298A6D6400EFD4C2 /* Debug */,
				31420EC5298A6D6400EFD4C2 /* Release */,
			);
			defaultConfigurationIsVisible = 0;
			defaultConfigurationName = Release;
		};
		31420EC6298A6D6400EFD4C2 /* Build configuration list for PBXNativeTarget "Overseas" */ = {
			isa = XCConfigurationList;
			buildConfigurations = (
				31420EC7298A6D6400EFD4C2 /* Debug */,
				31420EC8298A6D6400EFD4C2 /* Release */,
			);
			defaultConfigurationIsVisible = 0;
			defaultConfigurationName = Release;
		};
/* End XCConfigurationList section */

/* Begin XCVersionGroup section */
		31B4AF7029A4ED3000526086 /* Saved.xcdatamodeld */ = {
			isa = XCVersionGroup;
			children = (
				31B4AF7129A4ED3000526086 /* Saved.xcdatamodel */,
			);
			currentVersion = 31B4AF7129A4ED3000526086 /* Saved.xcdatamodel */;
			path = Saved.xcdatamodeld;
			sourceTree = "<group>";
			versionGroupType = wrapper.xcdatamodel;
		};
/* End XCVersionGroup section */
	};
	rootObject = 31420EAF298A6D6400EFD4C2 /* Project object */;
}
